
Microsoft Visual Studio Solution File, Format Version 12.00
# Visual Studio Version 17
VisualStudioVersion = 17.2.32616.157
MinimumVisualStudioVersion = 10.0.40219.1
Project("{FAE04EC0-301F-11D3-BF4B-00C04F79EFBC}") = "ConsoleApp1", "ConsoleApp1\ConsoleApp1.csproj", "{7C4DE0E6-4CF6-4298-8348-0CD3DB218AC3}"
EndProject
Global
	GlobalSection(SolutionConfigurationPlatforms) = preSolution
		Debug|Any CPU = Debug|Any CPU
		Release|Any CPU = Release|Any CPU
	EndGlobalSection
	GlobalSection(ProjectConfigurationPlatforms) = postSolution
		{7C4DE0E6-4CF6-4298-8348-0CD3DB218AC3}.Debug|Any CPU.ActiveCfg = Debug|Any CPU
		{7C4DE0E6-4CF6-4298-8348-0CD3DB218AC3}.Debug|Any CPU.Build.0 = Debug|Any CPU
		{7C4DE0E6-4CF6-4298-8348-0CD3DB218AC3}.Release|Any CPU.ActiveCfg = Release|Any CPU
		{7C4DE0E6-4CF6-4298-8348-0CD3DB218AC3}.Release|Any CPU.Build.0 = Release|Any CPU
	EndGlobalSection
	GlobalSection(SolutionProperties) = preSolution
		HideSolutionNode = FALSE
	EndGlobalSection
	GlobalSection(ExtensibilityGlobals) = postSolution
		SolutionGuid = {186AA711-D0F6-426C-8DF8-FC49F539CFE7}
	EndGlobalSection
EndGlobal
